
Microsoft Visual Studio Solution File, Format Version 12.00
# Visual Studio Version 17
VisualStudioVersion = 17.14.36310.24 d17.14
MinimumVisualStudioVersion = 10.0.40219.1
Project("{FAE04EC0-301F-11D3-BF4B-00C04F79EFBC}") = "diagonal_negativos", "diagonal_negativos\diagonal_negativos.csproj", "{6EB6939C-C747-4721-A3F9-8F49B03DE02E}"
EndProject
Global
	GlobalSection(SolutionConfigurationPlatforms) = preSolution
		Debug|Any CPU = Debug|Any CPU
		Release|Any CPU = Release|Any CPU
	EndGlobalSection
	GlobalSection(ProjectConfigurationPlatforms) = postSolution
		{6EB6939C-C747-4721-A3F9-8F49B03DE02E}.Debug|Any CPU.ActiveCfg = Debug|Any CPU
		{6EB6939C-C747-4721-A3F9-8F49B03DE02E}.Debug|Any CPU.Build.0 = Debug|Any CPU
		{6EB6939C-C747-4721-A3F9-8F49B03DE02E}.Release|Any CPU.ActiveCfg = Release|Any CPU
		{6EB6939C-C747-4721-A3F9-8F49B03DE02E}.Release|Any CPU.Build.0 = Release|Any CPU
	EndGlobalSection
	GlobalSection(SolutionProperties) = preSolution
		HideSolutionNode = FALSE
	EndGlobalSection
	GlobalSection(ExtensibilityGlobals) = postSolution
		SolutionGuid = {1B164ABF-2A60-45D3-B283-4374E7250BFA}
	EndGlobalSection
EndGlobal
